
Microsoft Visual Studio Solution File, Format Version 12.00
# Visual Studio Version 17
VisualStudioVersion = 17.1.32210.238
MinimumVisualStudioVersion = 10.0.40219.1
Project("{FAE04EC0-301F-11D3-BF4B-00C04F79EFBC}") = "o.o", "o.o\o.o.csproj", "{43BD1724-91F2-4732-A973-FC9D512DE1D3}"
EndProject
Global
	GlobalSection(SolutionConfigurationPlatforms) = preSolution
		Debug|Any CPU = Debug|Any CPU
		Release|Any CPU = Release|Any CPU
	EndGlobalSection
	GlobalSection(ProjectConfigurationPlatforms) = postSolution
		{43BD1724-91F2-4732-A973-FC9D512DE1D3}.Debug|Any CPU.ActiveCfg = Debug|Any CPU
		{43BD1724-91F2-4732-A973-FC9D512DE1D3}.Debug|Any CPU.Build.0 = Debug|Any CPU
		{43BD1724-91F2-4732-A973-FC9D512DE1D3}.Release|Any CPU.ActiveCfg = Release|Any CPU
		{43BD1724-91F2-4732-A973-FC9D512DE1D3}.Release|Any CPU.Build.0 = Release|Any CPU
	EndGlobalSection
	GlobalSection(SolutionProperties) = preSolution
		HideSolutionNode = FALSE
	EndGlobalSection
	GlobalSection(ExtensibilityGlobals) = postSolution
		SolutionGuid = {3518A028-5DE0-4619-B779-A73293EC833E}
	EndGlobalSection
EndGlobal
